
Microsoft Visual Studio Solution File, Format Version 12.00
# Visual Studio Version 16
VisualStudioVersion = 16.0.810.23
MinimumVisualStudioVersion = 10.0.40219.1
Project("{FAE04EC0-301F-11D3-BF4B-00C04F79EFBC}") = "GameOutcomes", "GameOutcomes\GameOutcomes.csproj", "{85A84694-9DC3-4CAF-A5DE-E423D7B757FE}"
EndProject
Global
	GlobalSection(SolutionConfigurationPlatforms) = preSolution
		Debug|Any CPU = Debug|Any CPU
		Release|Any CPU = Release|Any CPU
	EndGlobalSection
	GlobalSection(ProjectConfigurationPlatforms) = postSolution
		{85A84694-9DC3-4CAF-A5DE-E423D7B757FE}.Debug|Any CPU.ActiveCfg = Debug|Any CPU
		{85A84694-9DC3-4CAF-A5DE-E423D7B757FE}.Debug|Any CPU.Build.0 = Debug|Any CPU
		{85A84694-9DC3-4CAF-A5DE-E423D7B757FE}.Release|Any CPU.ActiveCfg = Release|Any CPU
		{85A84694-9DC3-4CAF-A5DE-E423D7B757FE}.Release|Any CPU.Build.0 = Release|Any CPU
	EndGlobalSection
	GlobalSection(SolutionProperties) = preSolution
		HideSolutionNode = FALSE
	EndGlobalSection
	GlobalSection(ExtensibilityGlobals) = postSolution
		SolutionGuid = {05F9989B-A8A5-49A8-AD88-10FA55F9C90A}
	EndGlobalSection
EndGlobal
