
Microsoft Visual Studio Solution File, Format Version 12.00
# Visual Studio Version 16
VisualStudioVersion = 16.0.810.23
MinimumVisualStudioVersion = 10.0.40219.1
Project("{FAE04EC0-301F-11D3-BF4B-00C04F79EFBC}") = "SkillsAssessment", "SkillsAssessment\SkillsAssessment.csproj", "{4BC09E49-BDCE-4201-94D7-8A1DB54FD0CC}"
EndProject
Global
	GlobalSection(SolutionConfigurationPlatforms) = preSolution
		Debug|Any CPU = Debug|Any CPU
		Release|Any CPU = Release|Any CPU
	EndGlobalSection
	GlobalSection(ProjectConfigurationPlatforms) = postSolution
		{4BC09E49-BDCE-4201-94D7-8A1DB54FD0CC}.Debug|Any CPU.ActiveCfg = Debug|Any CPU
		{4BC09E49-BDCE-4201-94D7-8A1DB54FD0CC}.Debug|Any CPU.Build.0 = Debug|Any CPU
		{4BC09E49-BDCE-4201-94D7-8A1DB54FD0CC}.Release|Any CPU.ActiveCfg = Release|Any CPU
		{4BC09E49-BDCE-4201-94D7-8A1DB54FD0CC}.Release|Any CPU.Build.0 = Release|Any CPU
	EndGlobalSection
	GlobalSection(SolutionProperties) = preSolution
		HideSolutionNode = FALSE
	EndGlobalSection
	GlobalSection(ExtensibilityGlobals) = postSolution
		SolutionGuid = {9D94ACF4-C8D9-45AB-A404-666D03B85612}
	EndGlobalSection
EndGlobal
